
Microsoft Visual Studio Solution File, Format Version 12.00
# Visual Studio 15
VisualStudioVersion = 15.0.28010.0
MinimumVisualStudioVersion = 10.0.40219.1
Project("{FAE04EC0-301F-11D3-BF4B-00C04F79EFBC}") = "AprioriGui", "AprioriGui.csproj", "{8557434F-4935-49C1-B881-6EC4EE886D39}"
EndProject
Global
	GlobalSection(SolutionConfigurationPlatforms) = preSolution
		Debug|Any CPU = Debug|Any CPU
		Release|Any CPU = Release|Any CPU
	EndGlobalSection
	GlobalSection(ProjectConfigurationPlatforms) = postSolution
		{8557434F-4935-49C1-B881-6EC4EE886D39}.Debug|Any CPU.ActiveCfg = Debug|Any CPU
		{8557434F-4935-49C1-B881-6EC4EE886D39}.Debug|Any CPU.Build.0 = Debug|Any CPU
		{8557434F-4935-49C1-B881-6EC4EE886D39}.Release|Any CPU.ActiveCfg = Release|Any CPU
		{8557434F-4935-49C1-B881-6EC4EE886D39}.Release|Any CPU.Build.0 = Release|Any CPU
	EndGlobalSection
	GlobalSection(SolutionProperties) = preSolution
		HideSolutionNode = FALSE
	EndGlobalSection
	GlobalSection(ExtensibilityGlobals) = postSolution
		SolutionGuid = {D7B011DA-1080-43BE-BACD-1DF9141D20E9}
	EndGlobalSection
EndGlobal
